// !$*UTF8*$!
{
	archiveVersion = 1;
	classes = {
	};
	objectVersion = 46;
	objects = {

/* Begin PBXBuildFile section */
		770DD25A1F5302D000D054EB /* Resources.bundle in Resources */ = {isa = PBXBuildFile; fileRef = 770DD2591F5302D000D054EB /* Resources.bundle */; };
		77FD506E1F52E0690037DAE1 /* AppDelegate.swift in Sources */ = {isa = PBXBuildFile; fileRef = 77FD50631F52E0690037DAE1 /* AppDelegate.swift */; };
		77FD506F1F52E0690037DAE1 /* Assets.xcassets in Resources */ = {isa = PBXBuildFile; fileRef = 77FD50641F52E0690037DAE1 /* Assets.xcassets */; };
		77FD50701F52E0690037DAE1 /* LaunchScreen.storyboard in Resources */ = {isa = PBXBuildFile; fileRef = 77FD50651F52E0690037DAE1 /* LaunchScreen.storyboard */; };
		77FD50711F52E0690037DAE1 /* Main.storyboard in Resources */ = {isa = PBXBuildFile; fileRef = 77FD50671F52E0690037DAE1 /* Main.storyboard */; };
		77FD50721F52E0690037DAE1 /* Info.plist in Resources */ = {isa = PBXBuildFile; fileRef = 77FD50691F52E0690037DAE1 /* Info.plist */; };
		77FD50741F52E0690037DAE1 /* SandboxBrowser.swift in Sources */ = {isa = PBXBuildFile; fileRef = 77FD506C1F52E0690037DAE1 /* SandboxBrowser.swift */; };
		77FD50751F52E0690037DAE1 /* ViewController.swift in Sources */ = {isa = PBXBuildFile; fileRef = 77FD506D1F52E0690037DAE1 /* ViewController.swift */; };
/* End PBXBuildFile section */

/* Begin PBXFileReference section */
		770DD2591F5302D000D054EB /* Resources.bundle */ = {isa = PBXFileReference; lastKnownFileType = "wrapper.plug-in"; path = Resources.bundle; sourceTree = "<group>"; };
		77FD50631F52E0690037DAE1 /* AppDelegate.swift */ = {isa = PBXFileReference; fileEncoding = 4; lastKnownFileType = sourcecode.swift; path = AppDelegate.swift; sourceTree = "<group>"; };
		77FD50641F52E0690037DAE1 /* Assets.xcassets */ = {isa = PBXFileReference; lastKnownFileType = folder.assetcatalog; path = Assets.xcassets; sourceTree = "<group>"; };
		77FD50661F52E0690037DAE1 /* Base */ = {isa = PBXFileReference; lastKnownFileType = file.storyboard; name = Base; path = Base.lproj/LaunchScreen.storyboard; sourceTree = "<group>"; };
		77FD50681F52E0690037DAE1 /* Base */ = {isa = PBXFileReference; lastKnownFileType = file.storyboard; name = Base; path = Base.lproj/Main.storyboard; sourceTree = "<group>"; };
		77FD50691F52E0690037DAE1 /* Info.plist */ = {isa = PBXFileReference; fileEncoding = 4; lastKnownFileType = text.plist.xml; path = Info.plist; sourceTree = "<group>"; };
		77FD506C1F52E0690037DAE1 /* SandboxBrowser.swift */ = {isa = PBXFileReference; fileEncoding = 4; lastKnownFileType = sourcecode.swift; path = SandboxBrowser.swift; sourceTree = "<group>"; };
		77FD506D1F52E0690037DAE1 /* ViewController.swift */ = {isa = PBXFileReference; fileEncoding = 4; lastKnownFileType = sourcecode.swift; path = ViewController.swift; sourceTree = "<group>"; };
		BF8EFE321F4FDFC50051A2B7 /* SandboxBrowserExample.app */ = {isa = PBXFileReference; explicitFileType = wrapper.application; includeInIndex = 0; path = SandboxBrowserExample.app; sourceTree = BUILT_PRODUCTS_DIR; };
/* End PBXFileReference section */

/* Begin PBXFrameworksBuildPhase section */
		BF8EFE2F1F4FDFC50051A2B7 /* Frameworks */ = {
			isa = PBXFrameworksBuildPhase;
			buildActionMask = 2147483647;
			files = (
			);
			runOnlyForDeploymentPostprocessing = 0;
		};
/* End PBXFrameworksBuildPhase section */

/* Begin PBXGroup section */
		770DD2581F5302D000D054EB /* Resources */ = {
			isa = PBXGroup;
			children = (
				770DD2591F5302D000D054EB /* Resources.bundle */,
			);
			path = Resources;
			sourceTree = "<group>";
		};
		77FD50621F52E0690037DAE1 /* SandboxBrowserExample */ = {
			isa = PBXGroup;
			children = (
				77FD506A1F52E0690037DAE1 /* SandboxBrowser */,
				77FD50631F52E0690037DAE1 /* AppDelegate.swift */,
				77FD506D1F52E0690037DAE1 /* ViewController.swift */,
				77FD50641F52E0690037DAE1 /* Assets.xcassets */,
				77FD50651F52E0690037DAE1 /* LaunchScreen.storyboard */,
				77FD50671F52E0690037DAE1 /* Main.storyboard */,
				77FD50691F52E0690037DAE1 /* Info.plist */,
			);
			path = SandboxBrowserExample;
			sourceTree = "<group>";
		};
		77FD506A1F52E0690037DAE1 /* SandboxBrowser */ = {
			isa = PBXGroup;
			children = (
				770DD2581F5302D000D054EB /* Resources */,
				77FD506C1F52E0690037DAE1 /* SandboxBrowser.swift */,
			);
			path = SandboxBrowser;
			sourceTree = "<group>";
		};
		BF8EFE291F4FDFC50051A2B7 = {
			isa = PBXGroup;
			children = (
				77FD50621F52E0690037DAE1 /* SandboxBrowserExample */,
				BF8EFE331F4FDFC50051A2B7 /* Products */,
			);
			sourceTree = "<group>";
		};
		BF8EFE331F4FDFC50051A2B7 /* Products */ = {
			isa = PBXGroup;
			children = (
				BF8EFE321F4FDFC50051A2B7 /* SandboxBrowserExample.app */,
			);
			name = Products;
			sourceTree = "<group>";
		};
/* End PBXGroup section */

/* Begin PBXNativeTarget section */
		BF8EFE311F4FDFC50051A2B7 /* SandboxBrowserExample */ = {
			isa = PBXNativeTarget;
			buildConfigurationList = BF8EFE441F4FDFC50051A2B7 /* Build configuration list for PBXNativeTarget "SandboxBrowserExample" */;
			buildPhases = (
				BF8EFE2E1F4FDFC50051A2B7 /* Sources */,
				BF8EFE2F1F4FDFC50051A2B7 /* Frameworks */,
				BF8EFE301F4FDFC50051A2B7 /* Resources */,
			);
			buildRules = (
			);
			dependencies = (
			);
			name = SandboxBrowserExample;
			productName = AirSandboxExample;
			productReference = BF8EFE321F4FDFC50051A2B7 /* SandboxBrowserExample.app */;
			productType = "com.apple.product-type.application";
		};
/* End PBXNativeTarget section */

/* Begin PBXProject section */
		BF8EFE2A1F4FDFC50051A2B7 /* Project object */ = {
			isa = PBXProject;
			attributes = {
				LastSwiftUpdateCheck = 0830;
				LastUpgradeCheck = 0830;
				ORGANIZATIONNAME = DanXiao;
				TargetAttributes = {
					BF8EFE311F4FDFC50051A2B7 = {
						CreatedOnToolsVersion = 8.3.3;
						DevelopmentTeam = KHQ2YPM72K;
						ProvisioningStyle = Automatic;
					};
				};
			};
			buildConfigurationList = BF8EFE2D1F4FDFC50051A2B7 /* Build configuration list for PBXProject "SandboxBrowserExample" */;
			compatibilityVersion = "Xcode 3.2";
			developmentRegion = English;
			hasScannedForEncodings = 0;
			knownRegions = (
				en,
				Base,
			);
			mainGroup = BF8EFE291F4FDFC50051A2B7;
			productRefGroup = BF8EFE331F4FDFC50051A2B7 /* Products */;
			projectDirPath = "";
			projectRoot = "";
			targets = (
				BF8EFE311F4FDFC50051A2B7 /* SandboxBrowserExample */,
			);
		};
/* End PBXProject section */

/* Begin PBXResourcesBuildPhase section */
		BF8EFE301F4FDFC50051A2B7 /* Resources */ = {
			isa = PBXResourcesBuildPhase;
			buildActionMask = 2147483647;
			files = (
				770DD25A1F5302D000D054EB /* Resources.bundle in Resources */,
				77FD50721F52E0690037DAE1 /* Info.plist in Resources */,
				77FD50711F52E0690037DAE1 /* Main.storyboard in Resources */,
				77FD506F1F52E0690037DAE1 /* Assets.xcassets in Resources */,
				77FD50701F52E0690037DAE1 /* LaunchScreen.storyboard in Resources */,
			);
			runOnlyForDeploymentPostprocessing = 0;
		};
/* End PBXResourcesBuildPhase section */

/* Begin PBXSourcesBuildPhase section */
		BF8EFE2E1F4FDFC50051A2B7 /* Sources */ = {
			isa = PBXSourcesBuildPhase;
			buildActionMask = 2147483647;
			files = (
				77FD50751F52E0690037DAE1 /* ViewController.swift in Sources */,
				77FD50741F52E0690037DAE1 /* SandboxBrowser.swift in Sources */,
				77FD506E1F52E0690037DAE1 /* AppDelegate.swift in Sources */,
			);
			runOnlyForDeploymentPostprocessing = 0;
		};
/* End PBXSourcesBuildPhase section */

/* Begin PBXVariantGroup section */
		77FD50651F52E0690037DAE1 /* LaunchScreen.storyboard */ = {
			isa = PBXVariantGroup;
			children = (
				77FD50661F52E0690037DAE1 /* Base */,
			);
			name = LaunchScreen.storyboard;
			sourceTree = "<group>";
		};
		77FD50671F52E0690037DAE1 /* Main.storyboard */ = {
			isa = PBXVariantGroup;
			children = (
				77FD50681F52E0690037DAE1 /* Base */,
			);
			name = Main.storyboard;
			sourceTree = "<group>";
		};
/* End PBXVariantGroup section */

/* Begin XCBuildConfiguration section */
		BF8EFE421F4FDFC50051A2B7 /* Debug */ = {
			isa = XCBuildConfiguration;
			buildSettings = {
				ALWAYS_SEARCH_USER_PATHS = NO;
				CLANG_ANALYZER_NONNULL = YES;
				CLANG_ANALYZER_NUMBER_OBJECT_CONVERSION = YES_AGGRESSIVE;
				CLANG_CXX_LANGUAGE_STANDARD = "gnu++0x";
				CLANG_CXX_LIBRARY = "libc++";
				CLANG_ENABLE_MODULES = YES;
				CLANG_ENABLE_OBJC_ARC = YES;
				CLANG_WARN_BOOL_CONVERSION = YES;
				CLANG_WARN_CONSTANT_CONVERSION = YES;
				CLANG_WARN_DIRECT_OBJC_ISA_USAGE = YES_ERROR;
				CLANG_WARN_DOCUMENTATION_COMMENTS = YES;
				CLANG_WARN_EMPTY_BODY = YES;
				CLANG_WARN_ENUM_CONVERSION = YES;
				CLANG_WARN_INFINITE_RECURSION = YES;
				CLANG_WARN_INT_CONVERSION = YES;
				CLANG_WARN_OBJC_ROOT_CLASS = YES_ERROR;
				CLANG_WARN_SUSPICIOUS_MOVE = YES;
				CLANG_WARN_UNREACHABLE_CODE = YES;
				CLANG_WARN__DUPLICATE_METHOD_MATCH = YES;
				"CODE_SIGN_IDENTITY[sdk=iphoneos*]" = "iPhone Developer";
				COPY_PHASE_STRIP = NO;
				DEBUG_INFORMATION_FORMAT = dwarf;
				ENABLE_STRICT_OBJC_MSGSEND = YES;
				ENABLE_TESTABILITY = YES;
				GCC_C_LANGUAGE_STANDARD = gnu99;
				GCC_DYNAMIC_NO_PIC = NO;
				GCC_NO_COMMON_BLOCKS = YES;
				GCC_OPTIMIZATION_LEVEL = 0;
				GCC_PREPROCESSOR_DEFINITIONS = (
					"DEBUG=1",
					"$(inherited)",
				);
				GCC_WARN_64_TO_32_BIT_CONVERSION = YES;
				GCC_WARN_ABOUT_RETURN_TYPE = YES_ERROR;
				GCC_WARN_UNDECLARED_SELECTOR = YES;
				GCC_WARN_UNINITIALIZED_AUTOS = YES_AGGRESSIVE;
				GCC_WARN_UNUSED_FUNCTION = YES;
				GCC_WARN_UNUSED_VARIABLE = YES;
				IPHONEOS_DEPLOYMENT_TARGET = 10.3;
				MTL_ENABLE_DEBUG_INFO = YES;
				ONLY_ACTIVE_ARCH = YES;
				SDKROOT = iphoneos;
				SWIFT_ACTIVE_COMPILATION_CONDITIONS = DEBUG;
				SWIFT_OPTIMIZATION_LEVEL = "-Onone";
			};
			name = Debug;
		};
		BF8EFE431F4FDFC50051A2B7 /* Release */ = {
			isa = XCBuildConfiguration;
			buildSettings = {
				ALWAYS_SEARCH_USER_PATHS = NO;
				CLANG_ANALYZER_NONNULL = YES;
				CLANG_ANALYZER_NUMBER_OBJECT_CONVERSION = YES_AGGRESSIVE;
				CLANG_CXX_LANGUAGE_STANDARD = "gnu++0x";
				CLANG_CXX_LIBRARY = "libc++";
				CLANG_ENABLE_MODULES = YES;
				CLANG_ENABLE_OBJC_ARC = YES;
				CLANG_WARN_BOOL_CONVERSION = YES;
				CLANG_WARN_CONSTANT_CONVERSION = YES;
				CLANG_WARN_DIRECT_OBJC_ISA_USAGE = YES_ERROR;
				CLANG_WARN_DOCUMENTATION_COMMENTS = YES;
				CLANG_WARN_EMPTY_BODY = YES;
				CLANG_WARN_ENUM_CONVERSION = YES;
				CLANG_WARN_INFINITE_RECURSION = YES;
				CLANG_WARN_INT_CONVERSION = YES;
				CLANG_WARN_OBJC_ROOT_CLASS = YES_ERROR;
				CLANG_WARN_SUSPICIOUS_MOVE = YES;
				CLANG_WARN_UNREACHABLE_CODE = YES;
				CLANG_WARN__DUPLICATE_METHOD_MATCH = YES;
				"CODE_SIGN_IDENTITY[sdk=iphoneos*]" = "iPhone Developer";
				COPY_PHASE_STRIP = NO;
				DEBUG_INFORMATION_FORMAT = "dwarf-with-dsym";
				ENABLE_NS_ASSERTIONS = NO;
				ENABLE_STRICT_OBJC_MSGSEND = YES;
				GCC_C_LANGUAGE_STANDARD = gnu99;
				GCC_NO_COMMON_BLOCKS = YES;
				GCC_WARN_64_TO_32_BIT_CONVERSION = YES;
				GCC_WARN_ABOUT_RETURN_TYPE = YES_ERROR;
				GCC_WARN_UNDECLARED_SELECTOR = YES;
				GCC_WARN_UNINITIALIZED_AUTOS = YES_AGGRESSIVE;
				GCC_WARN_UNUSED_FUNCTION = YES;
				GCC_WARN_UNUSED_VARIABLE = YES;
				IPHONEOS_DEPLOYMENT_TARGET = 10.3;
				MTL_ENABLE_DEBUG_INFO = NO;
				SDKROOT = iphoneos;
				SWIFT_OPTIMIZATION_LEVEL = "-Owholemodule";
				VALIDATE_PRODUCT = YES;
			};
			name = Release;
		};
		BF8EFE451F4FDFC50051A2B7 /* Debug */ = {
			isa = XCBuildConfiguration;
			buildSettings = {
				ASSETCATALOG_COMPILER_APPICON_NAME = AppIcon;
				DEVELOPMENT_TEAM = KHQ2YPM72K;
				INFOPLIST_FILE = SandboxBrowserExample/Info.plist;
				LD_RUNPATH_SEARCH_PATHS = "$(inherited) @executable_path/Frameworks";
				PRODUCT_BUNDLE_IDENTIFIER = com.SandboxBrowser.Example;
				PRODUCT_NAME = "$(TARGET_NAME)";
				SWIFT_VERSION = 3.0;
			};
			name = Debug;
		};
		BF8EFE461F4FDFC50051A2B7 /* Release */ = {
			isa = XCBuildConfiguration;
			buildSettings = {
				ASSETCATALOG_COMPILER_APPICON_NAME = AppIcon;
				DEVELOPMENT_TEAM = KHQ2YPM72K;
				INFOPLIST_FILE = SandboxBrowserExample/Info.plist;
				LD_RUNPATH_SEARCH_PATHS = "$(inherited) @executable_path/Frameworks";
				PRODUCT_BUNDLE_IDENTIFIER = com.SandboxBrowser.Example;
				PRODUCT_NAME = "$(TARGET_NAME)";
				SWIFT_VERSION = 3.0;
			};
			name = Release;
		};
/* End XCBuildConfiguration section */

/* Begin XCConfigurationList section */
		BF8EFE2D1F4FDFC50051A2B7 /* Build configuration list for PBXProject "SandboxBrowserExample" */ = {
			isa = XCConfigurationList;
			buildConfigurations = (
				BF8EFE421F4FDFC50051A2B7 /* Debug */,
				BF8EFE431F4FDFC50051A2B7 /* Release */,
			);
			defaultConfigurationIsVisible = 0;
			defaultConfigurationName = Release;
		};
		BF8EFE441F4FDFC50051A2B7 /* Build configuration list for PBXNativeTarget "SandboxBrowserExample" */ = {
			isa = XCConfigurationList;
			buildConfigurations = (
				BF8EFE451F4FDFC50051A2B7 /* Debug */,
				BF8EFE461F4FDFC50051A2B7 /* Release */,
			);
			defaultConfigurationIsVisible = 0;
			defaultConfigurationName = Release;
		};
/* End XCConfigurationList section */
	};
	rootObject = BF8EFE2A1F4FDFC50051A2B7 /* Project object */;
}
